
Microsoft Visual Studio Solution File, Format Version 12.00
# Visual Studio Version 17
VisualStudioVersion = 17.3.32922.545
MinimumVisualStudioVersion = 10.0.40219.1
Project("{FAE04EC0-301F-11D3-BF4B-00C04F79EFBC}") = "Student_work", "Student_work\Student_work.csproj", "{3C1B7231-3682-471A-AE3F-ABBD213AC89E}"
EndProject
Global
	GlobalSection(SolutionConfigurationPlatforms) = preSolution
		Debug|Any CPU = Debug|Any CPU
		Release|Any CPU = Release|Any CPU
	EndGlobalSection
	GlobalSection(ProjectConfigurationPlatforms) = postSolution
		{3C1B7231-3682-471A-AE3F-ABBD213AC89E}.Debug|Any CPU.ActiveCfg = Debug|Any CPU
		{3C1B7231-3682-471A-AE3F-ABBD213AC89E}.Debug|Any CPU.Build.0 = Debug|Any CPU
		{3C1B7231-3682-471A-AE3F-ABBD213AC89E}.Release|Any CPU.ActiveCfg = Release|Any CPU
		{3C1B7231-3682-471A-AE3F-ABBD213AC89E}.Release|Any CPU.Build.0 = Release|Any CPU
	EndGlobalSection
	GlobalSection(SolutionProperties) = preSolution
		HideSolutionNode = FALSE
	EndGlobalSection
	GlobalSection(ExtensibilityGlobals) = postSolution
		SolutionGuid = {5380F17C-CBD1-4983-8C88-FF73427CFE7A}
	EndGlobalSection
EndGlobal
